
Microsoft Visual Studio Solution File, Format Version 12.00
# Visual Studio Version 17
VisualStudioVersion = 17.4.33205.214
MinimumVisualStudioVersion = 10.0.40219.1
Project("{FAE04EC0-301F-11D3-BF4B-00C04F79EFBC}") = "codingchellenge1", "codingchellenge1\codingchellenge1.csproj", "{8547E7A5-C51D-469D-ADBC-30D5CA8FD181}"
EndProject
Global
	GlobalSection(SolutionConfigurationPlatforms) = preSolution
		Debug|Any CPU = Debug|Any CPU
		Release|Any CPU = Release|Any CPU
	EndGlobalSection
	GlobalSection(ProjectConfigurationPlatforms) = postSolution
		{8547E7A5-C51D-469D-ADBC-30D5CA8FD181}.Debug|Any CPU.ActiveCfg = Debug|Any CPU
		{8547E7A5-C51D-469D-ADBC-30D5CA8FD181}.Debug|Any CPU.Build.0 = Debug|Any CPU
		{8547E7A5-C51D-469D-ADBC-30D5CA8FD181}.Release|Any CPU.ActiveCfg = Release|Any CPU
		{8547E7A5-C51D-469D-ADBC-30D5CA8FD181}.Release|Any CPU.Build.0 = Release|Any CPU
	EndGlobalSection
	GlobalSection(SolutionProperties) = preSolution
		HideSolutionNode = FALSE
	EndGlobalSection
	GlobalSection(ExtensibilityGlobals) = postSolution
		SolutionGuid = {99427C21-0BF3-4289-BAF8-9C60F05552C4}
	EndGlobalSection
EndGlobal
